
Microsoft Visual Studio Solution File, Format Version 12.00
# Visual Studio Version 17
VisualStudioVersion = 17.7.34024.191
MinimumVisualStudioVersion = 10.0.40219.1
Project("{FAE04EC0-301F-11D3-BF4B-00C04F79EFBC}") = "WebSurvey_Sales_CRM", "WebSurvey_Sales_CRM\WebSurvey_Sales_CRM.csproj", "{F1784C44-523E-4D51-AA96-F8CA540A2D66}"
EndProject
Global
	GlobalSection(SolutionConfigurationPlatforms) = preSolution
		Debug|Any CPU = Debug|Any CPU
		Release|Any CPU = Release|Any CPU
	EndGlobalSection
	GlobalSection(ProjectConfigurationPlatforms) = postSolution
		{F1784C44-523E-4D51-AA96-F8CA540A2D66}.Debug|Any CPU.ActiveCfg = Debug|Any CPU
		{F1784C44-523E-4D51-AA96-F8CA540A2D66}.Debug|Any CPU.Build.0 = Debug|Any CPU
		{F1784C44-523E-4D51-AA96-F8CA540A2D66}.Release|Any CPU.ActiveCfg = Release|Any CPU
		{F1784C44-523E-4D51-AA96-F8CA540A2D66}.Release|Any CPU.Build.0 = Release|Any CPU
	EndGlobalSection
	GlobalSection(SolutionProperties) = preSolution
		HideSolutionNode = FALSE
	EndGlobalSection
	GlobalSection(ExtensibilityGlobals) = postSolution
		SolutionGuid = {8C9B4ABE-B3AF-4D67-AE74-B4B893FB2A63}
	EndGlobalSection
EndGlobal
